// !$*UTF8*$!
{
	archiveVersion = 1;
	classes = {
	};
	objectVersion = 56;
	objects = {

/* Begin PBXBuildFile section */
		1D149F602AED251500D2A58A /* Chordino.h in Headers */ = {isa = PBXBuildFile; fileRef = 1D149F5F2AED251500D2A58A /* Chordino.h */; settings = {ATTRIBUTES = (Public, ); }; };
		1D149F672AED2D7D00D2A58A /* chordextract.cpp in Sources */ = {isa = PBXBuildFile; fileRef = 1D149F662AED2D7D00D2A58A /* chordextract.cpp */; };
		1D149FC02AED4D1900D2A58A /* PluginInputDomainAdapter.cpp in Sources */ = {isa = PBXBuildFile; fileRef = 1D149FB52AED4D1900D2A58A /* PluginInputDomainAdapter.cpp */; };
		1D149FC12AED4D1900D2A58A /* PluginLoader.cpp in Sources */ = {isa = PBXBuildFile; fileRef = 1D149FB62AED4D1900D2A58A /* PluginLoader.cpp */; };
		1D149FC22AED4D1900D2A58A /* PluginWrapper.cpp in Sources */ = {isa = PBXBuildFile; fileRef = 1D149FB72AED4D1900D2A58A /* PluginWrapper.cpp */; };
		1D149FC32AED4D1900D2A58A /* host-c.cpp in Sources */ = {isa = PBXBuildFile; fileRef = 1D149FB82AED4D1900D2A58A /* host-c.cpp */; };
		1D149FC42AED4D1900D2A58A /* PluginBufferingAdapter.cpp in Sources */ = {isa = PBXBuildFile; fileRef = 1D149FB92AED4D1900D2A58A /* PluginBufferingAdapter.cpp */; };
		1D149FC52AED4D1900D2A58A /* Files.cpp in Sources */ = {isa = PBXBuildFile; fileRef = 1D149FBA2AED4D1900D2A58A /* Files.cpp */; };
		1D149FC62AED4D1900D2A58A /* PluginChannelAdapter.cpp in Sources */ = {isa = PBXBuildFile; fileRef = 1D149FBB2AED4D1900D2A58A /* PluginChannelAdapter.cpp */; };
		1D149FC82AED4D1900D2A58A /* PluginSummarisingAdapter.cpp in Sources */ = {isa = PBXBuildFile; fileRef = 1D149FBD2AED4D1900D2A58A /* PluginSummarisingAdapter.cpp */; };
		1D149FC92AED4D1900D2A58A /* RealTime.cpp in Sources */ = {isa = PBXBuildFile; fileRef = 1D149FBE2AED4D1900D2A58A /* RealTime.cpp */; };
		1D149FCA2AED4D1900D2A58A /* PluginHostAdapter.cpp in Sources */ = {isa = PBXBuildFile; fileRef = 1D149FBF2AED4D1900D2A58A /* PluginHostAdapter.cpp */; };
		1D149FCC2AED4DAA00D2A58A /* RealTime.cpp in Sources */ = {isa = PBXBuildFile; fileRef = 1D149FCB2AED4DAA00D2A58A /* RealTime.cpp */; };
		1D149FD02AED575600D2A58A /* Chordino.mm in Sources */ = {isa = PBXBuildFile; fileRef = 1D149FCF2AED575600D2A58A /* Chordino.mm */; };
		1D149FD22AED924000D2A58A /* chordextract.h in Headers */ = {isa = PBXBuildFile; fileRef = 1D149F682AED2E3E00D2A58A /* chordextract.h */; };
		1D149FDB2AED959400D2A58A /* nnls.c in Sources */ = {isa = PBXBuildFile; fileRef = 1D149FD62AED959400D2A58A /* nnls.c */; };
		1D149FDC2AED959400D2A58A /* NNLSBase.cpp in Sources */ = {isa = PBXBuildFile; fileRef = 1D149FD72AED959400D2A58A /* NNLSBase.cpp */; };
		1D149FDD2AED959400D2A58A /* Chordino.cpp in Sources */ = {isa = PBXBuildFile; fileRef = 1D149FD82AED959400D2A58A /* Chordino.cpp */; };
		1D149FDE2AED959400D2A58A /* chromamethods.cpp in Sources */ = {isa = PBXBuildFile; fileRef = 1D149FD92AED959400D2A58A /* chromamethods.cpp */; };
		1D149FDF2AED959400D2A58A /* viterbi.cpp in Sources */ = {isa = PBXBuildFile; fileRef = 1D149FDA2AED959400D2A58A /* viterbi.cpp */; };
/* End PBXBuildFile section */

/* Begin PBXFileReference section */
		1D149F5C2AED251500D2A58A /* Chordino.framework */ = {isa = PBXFileReference; explicitFileType = wrapper.framework; includeInIndex = 0; path = Chordino.framework; sourceTree = BUILT_PRODUCTS_DIR; };
		1D149F5F2AED251500D2A58A /* Chordino.h */ = {isa = PBXFileReference; lastKnownFileType = sourcecode.c.h; path = Chordino.h; sourceTree = "<group>"; };
		1D149F662AED2D7D00D2A58A /* chordextract.cpp */ = {isa = PBXFileReference; fileEncoding = 4; lastKnownFileType = sourcecode.cpp.cpp; path = chordextract.cpp; sourceTree = "<group>"; };
		1D149F682AED2E3E00D2A58A /* chordextract.h */ = {isa = PBXFileReference; lastKnownFileType = sourcecode.c.h; path = chordextract.h; sourceTree = "<group>"; };
		1D149FB52AED4D1900D2A58A /* PluginInputDomainAdapter.cpp */ = {isa = PBXFileReference; fileEncoding = 4; lastKnownFileType = sourcecode.cpp.cpp; name = PluginInputDomainAdapter.cpp; path = "vamp-plugin-sdk/src/vamp-hostsdk/PluginInputDomainAdapter.cpp"; sourceTree = "<group>"; };
		1D149FB62AED4D1900D2A58A /* PluginLoader.cpp */ = {isa = PBXFileReference; fileEncoding = 4; lastKnownFileType = sourcecode.cpp.cpp; name = PluginLoader.cpp; path = "vamp-plugin-sdk/src/vamp-hostsdk/PluginLoader.cpp"; sourceTree = "<group>"; };
		1D149FB72AED4D1900D2A58A /* PluginWrapper.cpp */ = {isa = PBXFileReference; fileEncoding = 4; lastKnownFileType = sourcecode.cpp.cpp; name = PluginWrapper.cpp; path = "vamp-plugin-sdk/src/vamp-hostsdk/PluginWrapper.cpp"; sourceTree = "<group>"; };
		1D149FB82AED4D1900D2A58A /* host-c.cpp */ = {isa = PBXFileReference; fileEncoding = 4; lastKnownFileType = sourcecode.cpp.cpp; name = "host-c.cpp"; path = "vamp-plugin-sdk/src/vamp-hostsdk/host-c.cpp"; sourceTree = "<group>"; };
		1D149FB92AED4D1900D2A58A /* PluginBufferingAdapter.cpp */ = {isa = PBXFileReference; fileEncoding = 4; lastKnownFileType = sourcecode.cpp.cpp; name = PluginBufferingAdapter.cpp; path = "vamp-plugin-sdk/src/vamp-hostsdk/PluginBufferingAdapter.cpp"; sourceTree = "<group>"; };
		1D149FBA2AED4D1900D2A58A /* Files.cpp */ = {isa = PBXFileReference; fileEncoding = 4; lastKnownFileType = sourcecode.cpp.cpp; name = Files.cpp; path = "vamp-plugin-sdk/src/vamp-hostsdk/Files.cpp"; sourceTree = "<group>"; };
		1D149FBB2AED4D1900D2A58A /* PluginChannelAdapter.cpp */ = {isa = PBXFileReference; fileEncoding = 4; lastKnownFileType = sourcecode.cpp.cpp; name = PluginChannelAdapter.cpp; path = "vamp-plugin-sdk/src/vamp-hostsdk/PluginChannelAdapter.cpp"; sourceTree = "<group>"; };
		1D149FBD2AED4D1900D2A58A /* PluginSummarisingAdapter.cpp */ = {isa = PBXFileReference; fileEncoding = 4; lastKnownFileType = sourcecode.cpp.cpp; name = PluginSummarisingAdapter.cpp; path = "vamp-plugin-sdk/src/vamp-hostsdk/PluginSummarisingAdapter.cpp"; sourceTree = "<group>"; };
		1D149FBE2AED4D1900D2A58A /* RealTime.cpp */ = {isa = PBXFileReference; fileEncoding = 4; lastKnownFileType = sourcecode.cpp.cpp; name = RealTime.cpp; path = "vamp-plugin-sdk/src/vamp-hostsdk/RealTime.cpp"; sourceTree = "<group>"; };
		1D149FBF2AED4D1900D2A58A /* PluginHostAdapter.cpp */ = {isa = PBXFileReference; fileEncoding = 4; lastKnownFileType = sourcecode.cpp.cpp; name = PluginHostAdapter.cpp; path = "vamp-plugin-sdk/src/vamp-hostsdk/PluginHostAdapter.cpp"; sourceTree = "<group>"; };
		1D149FCB2AED4DAA00D2A58A /* RealTime.cpp */ = {isa = PBXFileReference; fileEncoding = 4; lastKnownFileType = sourcecode.cpp.cpp; name = RealTime.cpp; path = "vamp-plugin-sdk/src/vamp-sdk/RealTime.cpp"; sourceTree = "<group>"; };
		1D149FCF2AED575600D2A58A /* Chordino.mm */ = {isa = PBXFileReference; fileEncoding = 4; lastKnownFileType = sourcecode.cpp.objcpp; path = Chordino.mm; sourceTree = "<group>"; };
		1D149FD62AED959400D2A58A /* nnls.c */ = {isa = PBXFileReference; fileEncoding = 4; lastKnownFileType = sourcecode.c.c; name = nnls.c; path = "nnls-chroma/nnls.c"; sourceTree = "<group>"; };
		1D149FD72AED959400D2A58A /* NNLSBase.cpp */ = {isa = PBXFileReference; fileEncoding = 4; lastKnownFileType = sourcecode.cpp.cpp; name = NNLSBase.cpp; path = "nnls-chroma/NNLSBase.cpp"; sourceTree = "<group>"; };
		1D149FD82AED959400D2A58A /* Chordino.cpp */ = {isa = PBXFileReference; fileEncoding = 4; lastKnownFileType = sourcecode.cpp.cpp; name = Chordino.cpp; path = "nnls-chroma/Chordino.cpp"; sourceTree = "<group>"; };
		1D149FD92AED959400D2A58A /* chromamethods.cpp */ = {isa = PBXFileReference; fileEncoding = 4; lastKnownFileType = sourcecode.cpp.cpp; name = chromamethods.cpp; path = "nnls-chroma/chromamethods.cpp"; sourceTree = "<group>"; };
		1D149FDA2AED959400D2A58A /* viterbi.cpp */ = {isa = PBXFileReference; fileEncoding = 4; lastKnownFileType = sourcecode.cpp.cpp; name = viterbi.cpp; path = "nnls-chroma/viterbi.cpp"; sourceTree = "<group>"; };
/* End PBXFileReference section */

/* Begin PBXFrameworksBuildPhase section */
		1D149F592AED251500D2A58A /* Frameworks */ = {
			isa = PBXFrameworksBuildPhase;
			buildActionMask = 2147483647;
			files = (
			);
			runOnlyForDeploymentPostprocessing = 0;
		};
/* End PBXFrameworksBuildPhase section */

/* Begin PBXGroup section */
		1D149F522AED251500D2A58A = {
			isa = PBXGroup;
			children = (
				1D149F5E2AED251500D2A58A /* Chordino */,
				1D149F5D2AED251500D2A58A /* Products */,
			);
			sourceTree = "<group>";
		};
		1D149F5D2AED251500D2A58A /* Products */ = {
			isa = PBXGroup;
			children = (
				1D149F5C2AED251500D2A58A /* Chordino.framework */,
			);
			name = Products;
			sourceTree = "<group>";
		};
		1D149F5E2AED251500D2A58A /* Chordino */ = {
			isa = PBXGroup;
			children = (
				1D149FD82AED959400D2A58A /* Chordino.cpp */,
				1D149FD92AED959400D2A58A /* chromamethods.cpp */,
				1D149FD62AED959400D2A58A /* nnls.c */,
				1D149FD72AED959400D2A58A /* NNLSBase.cpp */,
				1D149FDA2AED959400D2A58A /* viterbi.cpp */,
				1D149FCF2AED575600D2A58A /* Chordino.mm */,
				1D149FBA2AED4D1900D2A58A /* Files.cpp */,
				1D149FB82AED4D1900D2A58A /* host-c.cpp */,
				1D149FB92AED4D1900D2A58A /* PluginBufferingAdapter.cpp */,
				1D149FBB2AED4D1900D2A58A /* PluginChannelAdapter.cpp */,
				1D149FBF2AED4D1900D2A58A /* PluginHostAdapter.cpp */,
				1D149FB52AED4D1900D2A58A /* PluginInputDomainAdapter.cpp */,
				1D149FB62AED4D1900D2A58A /* PluginLoader.cpp */,
				1D149FBD2AED4D1900D2A58A /* PluginSummarisingAdapter.cpp */,
				1D149FB72AED4D1900D2A58A /* PluginWrapper.cpp */,
				1D149FBE2AED4D1900D2A58A /* RealTime.cpp */,
				1D149FCB2AED4DAA00D2A58A /* RealTime.cpp */,
				1D149F662AED2D7D00D2A58A /* chordextract.cpp */,
				1D149F682AED2E3E00D2A58A /* chordextract.h */,
				1D149F5F2AED251500D2A58A /* Chordino.h */,
			);
			path = Chordino;
			sourceTree = "<group>";
		};
/* End PBXGroup section */

/* Begin PBXHeadersBuildPhase section */
		1D149F572AED251500D2A58A /* Headers */ = {
			isa = PBXHeadersBuildPhase;
			buildActionMask = 2147483647;
			files = (
				1D149F602AED251500D2A58A /* Chordino.h in Headers */,
				1D149FD22AED924000D2A58A /* chordextract.h in Headers */,
			);
			runOnlyForDeploymentPostprocessing = 0;
		};
/* End PBXHeadersBuildPhase section */

/* Begin PBXNativeTarget section */
		1D149F5B2AED251500D2A58A /* Chordino */ = {
			isa = PBXNativeTarget;
			buildConfigurationList = 1D149F632AED251500D2A58A /* Build configuration list for PBXNativeTarget "Chordino" */;
			buildPhases = (
				1D149F572AED251500D2A58A /* Headers */,
				1D149F582AED251500D2A58A /* Sources */,
				1D149F592AED251500D2A58A /* Frameworks */,
				1D149F5A2AED251500D2A58A /* Resources */,
			);
			buildRules = (
			);
			dependencies = (
			);
			name = Chordino;
			productName = Chordino;
			productReference = 1D149F5C2AED251500D2A58A /* Chordino.framework */;
			productType = "com.apple.product-type.framework";
		};
/* End PBXNativeTarget section */

/* Begin PBXProject section */
		1D149F532AED251500D2A58A /* Project object */ = {
			isa = PBXProject;
			attributes = {
				BuildIndependentTargetsInParallel = 1;
				LastUpgradeCheck = 1500;
				TargetAttributes = {
					1D149F5B2AED251500D2A58A = {
						CreatedOnToolsVersion = 15.0.1;
					};
				};
			};
			buildConfigurationList = 1D149F562AED251500D2A58A /* Build configuration list for PBXProject "Chordino" */;
			compatibilityVersion = "Xcode 14.0";
			developmentRegion = en;
			hasScannedForEncodings = 0;
			knownRegions = (
				en,
				Base,
			);
			mainGroup = 1D149F522AED251500D2A58A;
			productRefGroup = 1D149F5D2AED251500D2A58A /* Products */;
			projectDirPath = "";
			projectRoot = "";
			targets = (
				1D149F5B2AED251500D2A58A /* Chordino */,
			);
		};
/* End PBXProject section */

/* Begin PBXResourcesBuildPhase section */
		1D149F5A2AED251500D2A58A /* Resources */ = {
			isa = PBXResourcesBuildPhase;
			buildActionMask = 2147483647;
			files = (
			);
			runOnlyForDeploymentPostprocessing = 0;
		};
/* End PBXResourcesBuildPhase section */

/* Begin PBXSourcesBuildPhase section */
		1D149F582AED251500D2A58A /* Sources */ = {
			isa = PBXSourcesBuildPhase;
			buildActionMask = 2147483647;
			files = (
				1D149FDB2AED959400D2A58A /* nnls.c in Sources */,
				1D149FC92AED4D1900D2A58A /* RealTime.cpp in Sources */,
				1D149FC62AED4D1900D2A58A /* PluginChannelAdapter.cpp in Sources */,
				1D149FDE2AED959400D2A58A /* chromamethods.cpp in Sources */,
				1D149FDD2AED959400D2A58A /* Chordino.cpp in Sources */,
				1D149FC22AED4D1900D2A58A /* PluginWrapper.cpp in Sources */,
				1D149FC52AED4D1900D2A58A /* Files.cpp in Sources */,
				1D149FC42AED4D1900D2A58A /* PluginBufferingAdapter.cpp in Sources */,
				1D149FCA2AED4D1900D2A58A /* PluginHostAdapter.cpp in Sources */,
				1D149FC02AED4D1900D2A58A /* PluginInputDomainAdapter.cpp in Sources */,
				1D149FC32AED4D1900D2A58A /* host-c.cpp in Sources */,
				1D149FC82AED4D1900D2A58A /* PluginSummarisingAdapter.cpp in Sources */,
				1D149FDC2AED959400D2A58A /* NNLSBase.cpp in Sources */,
				1D149FD02AED575600D2A58A /* Chordino.mm in Sources */,
				1D149FCC2AED4DAA00D2A58A /* RealTime.cpp in Sources */,
				1D149FDF2AED959400D2A58A /* viterbi.cpp in Sources */,
				1D149F672AED2D7D00D2A58A /* chordextract.cpp in Sources */,
				1D149FC12AED4D1900D2A58A /* PluginLoader.cpp in Sources */,
			);
			runOnlyForDeploymentPostprocessing = 0;
		};
/* End PBXSourcesBuildPhase section */

/* Begin XCBuildConfiguration section */
		1D149F612AED251500D2A58A /* Debug */ = {
			isa = XCBuildConfiguration;
			buildSettings = {
				ALWAYS_SEARCH_USER_PATHS = NO;
				ASSETCATALOG_COMPILER_GENERATE_SWIFT_ASSET_SYMBOL_EXTENSIONS = YES;
				CLANG_ANALYZER_NONNULL = YES;
				CLANG_ANALYZER_NUMBER_OBJECT_CONVERSION = YES_AGGRESSIVE;
				CLANG_CXX_LANGUAGE_STANDARD = "gnu++20";
				CLANG_ENABLE_MODULES = YES;
				CLANG_ENABLE_OBJC_ARC = YES;
				CLANG_ENABLE_OBJC_WEAK = YES;
				CLANG_WARN_BLOCK_CAPTURE_AUTORELEASING = YES;
				CLANG_WARN_BOOL_CONVERSION = YES;
				CLANG_WARN_COMMA = YES;
				CLANG_WARN_CONSTANT_CONVERSION = YES;
				CLANG_WARN_DEPRECATED_OBJC_IMPLEMENTATIONS = YES;
				CLANG_WARN_DIRECT_OBJC_ISA_USAGE = YES_ERROR;
				CLANG_WARN_DOCUMENTATION_COMMENTS = YES;
				CLANG_WARN_EMPTY_BODY = YES;
				CLANG_WARN_ENUM_CONVERSION = YES;
				CLANG_WARN_INFINITE_RECURSION = YES;
				CLANG_WARN_INT_CONVERSION = YES;
				CLANG_WARN_NON_LITERAL_NULL_CONVERSION = YES;
				CLANG_WARN_OBJC_IMPLICIT_RETAIN_SELF = YES;
				CLANG_WARN_OBJC_LITERAL_CONVERSION = YES;
				CLANG_WARN_OBJC_ROOT_CLASS = YES_ERROR;
				CLANG_WARN_QUOTED_INCLUDE_IN_FRAMEWORK_HEADER = YES;
				CLANG_WARN_RANGE_LOOP_ANALYSIS = YES;
				CLANG_WARN_STRICT_PROTOTYPES = YES;
				CLANG_WARN_SUSPICIOUS_MOVE = YES;
				CLANG_WARN_UNGUARDED_AVAILABILITY = YES_AGGRESSIVE;
				CLANG_WARN_UNREACHABLE_CODE = YES;
				CLANG_WARN__DUPLICATE_METHOD_MATCH = YES;
				COPY_PHASE_STRIP = NO;
				CURRENT_PROJECT_VERSION = 1;
				DEBUG_INFORMATION_FORMAT = dwarf;
				ENABLE_STRICT_OBJC_MSGSEND = YES;
				ENABLE_TESTABILITY = YES;
				ENABLE_USER_SCRIPT_SANDBOXING = YES;
				GCC_C_LANGUAGE_STANDARD = gnu17;
				GCC_DYNAMIC_NO_PIC = NO;
				GCC_NO_COMMON_BLOCKS = YES;
				GCC_OPTIMIZATION_LEVEL = 0;
				GCC_PREPROCESSOR_DEFINITIONS = (
					"DEBUG=1",
					"$(inherited)",
				);
				GCC_WARN_64_TO_32_BIT_CONVERSION = YES;
				GCC_WARN_ABOUT_RETURN_TYPE = YES_ERROR;
				GCC_WARN_UNDECLARED_SELECTOR = YES;
				GCC_WARN_UNINITIALIZED_AUTOS = YES_AGGRESSIVE;
				GCC_WARN_UNUSED_FUNCTION = YES;
				GCC_WARN_UNUSED_VARIABLE = YES;
				LOCALIZATION_PREFERS_STRING_CATALOGS = YES;
				MTL_ENABLE_DEBUG_INFO = INCLUDE_SOURCE;
				MTL_FAST_MATH = YES;
				ONLY_ACTIVE_ARCH = YES;
				SWIFT_ACTIVE_COMPILATION_CONDITIONS = "DEBUG $(inherited)";
				SWIFT_OPTIMIZATION_LEVEL = "-Onone";
				VERSIONING_SYSTEM = "apple-generic";
				VERSION_INFO_PREFIX = "";
			};
			name = Debug;
		};
		1D149F622AED251500D2A58A /* Release */ = {
			isa = XCBuildConfiguration;
			buildSettings = {
				ALWAYS_SEARCH_USER_PATHS = NO;
				ASSETCATALOG_COMPILER_GENERATE_SWIFT_ASSET_SYMBOL_EXTENSIONS = YES;
				CLANG_ANALYZER_NONNULL = YES;
				CLANG_ANALYZER_NUMBER_OBJECT_CONVERSION = YES_AGGRESSIVE;
				CLANG_CXX_LANGUAGE_STANDARD = "gnu++20";
				CLANG_ENABLE_MODULES = YES;
				CLANG_ENABLE_OBJC_ARC = YES;
				CLANG_ENABLE_OBJC_WEAK = YES;
				CLANG_WARN_BLOCK_CAPTURE_AUTORELEASING = YES;
				CLANG_WARN_BOOL_CONVERSION = YES;
				CLANG_WARN_COMMA = YES;
				CLANG_WARN_CONSTANT_CONVERSION = YES;
				CLANG_WARN_DEPRECATED_OBJC_IMPLEMENTATIONS = YES;
				CLANG_WARN_DIRECT_OBJC_ISA_USAGE = YES_ERROR;
				CLANG_WARN_DOCUMENTATION_COMMENTS = YES;
				CLANG_WARN_EMPTY_BODY = YES;
				CLANG_WARN_ENUM_CONVERSION = YES;
				CLANG_WARN_INFINITE_RECURSION = YES;
				CLANG_WARN_INT_CONVERSION = YES;
				CLANG_WARN_NON_LITERAL_NULL_CONVERSION = YES;
				CLANG_WARN_OBJC_IMPLICIT_RETAIN_SELF = YES;
				CLANG_WARN_OBJC_LITERAL_CONVERSION = YES;
				CLANG_WARN_OBJC_ROOT_CLASS = YES_ERROR;
				CLANG_WARN_QUOTED_INCLUDE_IN_FRAMEWORK_HEADER = YES;
				CLANG_WARN_RANGE_LOOP_ANALYSIS = YES;
				CLANG_WARN_STRICT_PROTOTYPES = YES;
				CLANG_WARN_SUSPICIOUS_MOVE = YES;
				CLANG_WARN_UNGUARDED_AVAILABILITY = YES_AGGRESSIVE;
				CLANG_WARN_UNREACHABLE_CODE = YES;
				CLANG_WARN__DUPLICATE_METHOD_MATCH = YES;
				COPY_PHASE_STRIP = NO;
				CURRENT_PROJECT_VERSION = 1;
				DEBUG_INFORMATION_FORMAT = "dwarf-with-dsym";
				ENABLE_NS_ASSERTIONS = NO;
				ENABLE_STRICT_OBJC_MSGSEND = YES;
				ENABLE_USER_SCRIPT_SANDBOXING = YES;
				GCC_C_LANGUAGE_STANDARD = gnu17;
				GCC_NO_COMMON_BLOCKS = YES;
				GCC_WARN_64_TO_32_BIT_CONVERSION = YES;
				GCC_WARN_ABOUT_RETURN_TYPE = YES_ERROR;
				GCC_WARN_UNDECLARED_SELECTOR = YES;
				GCC_WARN_UNINITIALIZED_AUTOS = YES_AGGRESSIVE;
				GCC_WARN_UNUSED_FUNCTION = YES;
				GCC_WARN_UNUSED_VARIABLE = YES;
				LOCALIZATION_PREFERS_STRING_CATALOGS = YES;
				MTL_ENABLE_DEBUG_INFO = NO;
				MTL_FAST_MATH = YES;
				SWIFT_COMPILATION_MODE = wholemodule;
				VERSIONING_SYSTEM = "apple-generic";
				VERSION_INFO_PREFIX = "";
			};
			name = Release;
		};
		1D149F642AED251500D2A58A /* Debug */ = {
			isa = XCBuildConfiguration;
			buildSettings = {
				BUILD_LIBRARY_FOR_DISTRIBUTION = YES;
				CLANG_CXX_LANGUAGE_STANDARD = "gnu++17";
				CODE_SIGN_STYLE = Automatic;
				CURRENT_PROJECT_VERSION = 1;
				DEFINES_MODULE = YES;
				DYLIB_COMPATIBILITY_VERSION = 1;
				DYLIB_CURRENT_VERSION = 1;
				DYLIB_INSTALL_NAME_BASE = "@rpath";
				ENABLE_MODULE_VERIFIER = YES;
				GCC_C_LANGUAGE_STANDARD = gnu17;
				GENERATE_INFOPLIST_FILE = YES;
				HEADER_SEARCH_PATHS = "";
				INCLUDED_RECURSIVE_SEARCH_PATH_SUBDIRECTORIES = "";
				INFOPLIST_KEY_NSHumanReadableCopyright = "";
				INSTALL_PATH = "$(LOCAL_LIBRARY_DIR)/Frameworks";
				IPHONEOS_DEPLOYMENT_TARGET = 17.0;
				LD_RUNPATH_SEARCH_PATHS = (
					"@executable_path/Frameworks",
					"@loader_path/Frameworks",
				);
				"LD_RUNPATH_SEARCH_PATHS[sdk=macosx*]" = (
					"@executable_path/../Frameworks",
					"@loader_path/Frameworks",
				);
				MACOSX_DEPLOYMENT_TARGET = 14.0;
				MARKETING_VERSION = 1.0;
				MODULE_VERIFIER_SUPPORTED_LANGUAGES = "objective-c objective-c++";
				MODULE_VERIFIER_SUPPORTED_LANGUAGE_STANDARDS = "gnu17 gnu++20";
				PRODUCT_BUNDLE_IDENTIFIER = com.recifra.Chordino;
				PRODUCT_NAME = "$(TARGET_NAME:c99extidentifier)";
				SDKROOT = auto;
				SKIP_INSTALL = YES;
				SUPPORTED_PLATFORMS = "iphoneos iphonesimulator macosx";
				SWIFT_EMIT_LOC_STRINGS = YES;
				SWIFT_VERSION = 5.0;
				SYSTEM_HEADER_SEARCH_PATHS = (
					"Chordino/vamp-plugin-sdk",
					"/opt/homebrew/opt/boost@1.76/include",
				);
				TARGETED_DEVICE_FAMILY = "1,2";
				USER_HEADER_SEARCH_PATHS = "";
			};
			name = Debug;
		};
		1D149F652AED251500D2A58A /* Release */ = {
			isa = XCBuildConfiguration;
			buildSettings = {
				BUILD_LIBRARY_FOR_DISTRIBUTION = YES;
				CLANG_CXX_LANGUAGE_STANDARD = "gnu++17";
				CODE_SIGN_STYLE = Automatic;
				CURRENT_PROJECT_VERSION = 1;
				DEFINES_MODULE = YES;
				DYLIB_COMPATIBILITY_VERSION = 1;
				DYLIB_CURRENT_VERSION = 1;
				DYLIB_INSTALL_NAME_BASE = "@rpath";
				ENABLE_MODULE_VERIFIER = YES;
				GCC_C_LANGUAGE_STANDARD = gnu17;
				GENERATE_INFOPLIST_FILE = YES;
				HEADER_SEARCH_PATHS = "";
				INCLUDED_RECURSIVE_SEARCH_PATH_SUBDIRECTORIES = "";
				INFOPLIST_KEY_NSHumanReadableCopyright = "";
				INSTALL_PATH = "$(LOCAL_LIBRARY_DIR)/Frameworks";
				IPHONEOS_DEPLOYMENT_TARGET = 17.0;
				LD_RUNPATH_SEARCH_PATHS = (
					"@executable_path/Frameworks",
					"@loader_path/Frameworks",
				);
				"LD_RUNPATH_SEARCH_PATHS[sdk=macosx*]" = (
					"@executable_path/../Frameworks",
					"@loader_path/Frameworks",
				);
				MACOSX_DEPLOYMENT_TARGET = 14.0;
				MARKETING_VERSION = 1.0;
				MODULE_VERIFIER_SUPPORTED_LANGUAGES = "objective-c objective-c++";
				MODULE_VERIFIER_SUPPORTED_LANGUAGE_STANDARDS = "gnu17 gnu++20";
				PRODUCT_BUNDLE_IDENTIFIER = com.recifra.Chordino;
				PRODUCT_NAME = "$(TARGET_NAME:c99extidentifier)";
				SDKROOT = auto;
				SKIP_INSTALL = YES;
				SUPPORTED_PLATFORMS = "iphoneos iphonesimulator macosx";
				SWIFT_EMIT_LOC_STRINGS = YES;
				SWIFT_VERSION = 5.0;
				SYSTEM_HEADER_SEARCH_PATHS = (
					"Chordino/vamp-plugin-sdk",
					"/opt/homebrew/opt/boost@1.76/include",
				);
				TARGETED_DEVICE_FAMILY = "1,2";
				USER_HEADER_SEARCH_PATHS = "";
			};
			name = Release;
		};
/* End XCBuildConfiguration section */

/* Begin XCConfigurationList section */
		1D149F562AED251500D2A58A /* Build configuration list for PBXProject "Chordino" */ = {
			isa = XCConfigurationList;
			buildConfigurations = (
				1D149F612AED251500D2A58A /* Debug */,
				1D149F622AED251500D2A58A /* Release */,
			);
			defaultConfigurationIsVisible = 0;
			defaultConfigurationName = Release;
		};
		1D149F632AED251500D2A58A /* Build configuration list for PBXNativeTarget "Chordino" */ = {
			isa = XCConfigurationList;
			buildConfigurations = (
				1D149F642AED251500D2A58A /* Debug */,
				1D149F652AED251500D2A58A /* Release */,
			);
			defaultConfigurationIsVisible = 0;
			defaultConfigurationName = Release;
		};
/* End XCConfigurationList section */
	};
	rootObject = 1D149F532AED251500D2A58A /* Project object */;
}
